
Microsoft Visual Studio Solution File, Format Version 12.00
# Visual Studio Version 17
VisualStudioVersion = 17.7.34221.43
MinimumVisualStudioVersion = 10.0.40219.1
Project("{FAE04EC0-301F-11D3-BF4B-00C04F79EFBC}") = "AttachmentTask.Api", "AttachmentTask.Api\AttachmentTask.Api.csproj", "{F7B7AF39-611F-4F1F-8E84-A93B127123DF}"
EndProject
Project("{FAE04EC0-301F-11D3-BF4B-00C04F79EFBC}") = "AttachmentTask.Infrastructure", "AttachmentTask.Infrastructure\AttachmentTask.Infrastructure.csproj", "{6CE2538E-A400-4B27-A502-220BCED5133F}"
EndProject
Project("{FAE04EC0-301F-11D3-BF4B-00C04F79EFBC}") = "AttachmentTask.Core", "AttachmentTask.Core\AttachmentTask.Core.csproj", "{FCF50377-6D51-40BC-A0C8-16BB3C4E954E}"
EndProject
Global
	GlobalSection(SolutionConfigurationPlatforms) = preSolution
		Debug|Any CPU = Debug|Any CPU
		Release|Any CPU = Release|Any CPU
	EndGlobalSection
	GlobalSection(ProjectConfigurationPlatforms) = postSolution
		{F7B7AF39-611F-4F1F-8E84-A93B127123DF}.Debug|Any CPU.ActiveCfg = Debug|Any CPU
		{F7B7AF39-611F-4F1F-8E84-A93B127123DF}.Debug|Any CPU.Build.0 = Debug|Any CPU
		{F7B7AF39-611F-4F1F-8E84-A93B127123DF}.Release|Any CPU.ActiveCfg = Release|Any CPU
		{F7B7AF39-611F-4F1F-8E84-A93B127123DF}.Release|Any CPU.Build.0 = Release|Any CPU
		{6CE2538E-A400-4B27-A502-220BCED5133F}.Debug|Any CPU.ActiveCfg = Debug|Any CPU
		{6CE2538E-A400-4B27-A502-220BCED5133F}.Debug|Any CPU.Build.0 = Debug|Any CPU
		{6CE2538E-A400-4B27-A502-220BCED5133F}.Release|Any CPU.ActiveCfg = Release|Any CPU
		{6CE2538E-A400-4B27-A502-220BCED5133F}.Release|Any CPU.Build.0 = Release|Any CPU
		{FCF50377-6D51-40BC-A0C8-16BB3C4E954E}.Debug|Any CPU.ActiveCfg = Debug|Any CPU
		{FCF50377-6D51-40BC-A0C8-16BB3C4E954E}.Debug|Any CPU.Build.0 = Debug|Any CPU
		{FCF50377-6D51-40BC-A0C8-16BB3C4E954E}.Release|Any CPU.ActiveCfg = Release|Any CPU
		{FCF50377-6D51-40BC-A0C8-16BB3C4E954E}.Release|Any CPU.Build.0 = Release|Any CPU
	EndGlobalSection
	GlobalSection(SolutionProperties) = preSolution
		HideSolutionNode = FALSE
	EndGlobalSection
	GlobalSection(ExtensibilityGlobals) = postSolution
		SolutionGuid = {FB804ADA-CD29-4A91-9D5D-80DDD2EB9466}
	EndGlobalSection
EndGlobal
